
Microsoft Visual Studio Solution File, Format Version 12.00
Project("{FAE04EC0-301F-11D3-BF4B-00C04F79EFBC}") = "Yohuke.DanmuNeo", "Yohuke.DanmuNeo\Yohuke.DanmuNeo.csproj", "{7F225EE9-2406-4B5C-AE70-BABB1E372F67}"
EndProject
Project("{FAE04EC0-301F-11D3-BF4B-00C04F79EFBC}") = "Yohuke.DanmuNeo.Tests", "Yohuke.DanmuNeo.Tests\Yohuke.DanmuNeo.Tests.csproj", "{369E1101-1104-44ED-8771-795F10330BCF}"
EndProject
Global
	GlobalSection(SolutionConfigurationPlatforms) = preSolution
		Debug|Any CPU = Debug|Any CPU
		Debug|x64 = Debug|x64
		Debug|x86 = Debug|x86
		Release|Any CPU = Release|Any CPU
		Release|x64 = Release|x64
		Release|x86 = Release|x86
	EndGlobalSection
	GlobalSection(ProjectConfigurationPlatforms) = postSolution
		{7F225EE9-2406-4B5C-AE70-BABB1E372F67}.Debug|Any CPU.ActiveCfg = Debug|Any CPU
		{7F225EE9-2406-4B5C-AE70-BABB1E372F67}.Debug|Any CPU.Build.0 = Debug|Any CPU
		{7F225EE9-2406-4B5C-AE70-BABB1E372F67}.Debug|x64.ActiveCfg = Debug|Any CPU
		{7F225EE9-2406-4B5C-AE70-BABB1E372F67}.Debug|x64.Build.0 = Debug|Any CPU
		{7F225EE9-2406-4B5C-AE70-BABB1E372F67}.Debug|x86.ActiveCfg = Debug|Any CPU
		{7F225EE9-2406-4B5C-AE70-BABB1E372F67}.Debug|x86.Build.0 = Debug|Any CPU
		{7F225EE9-2406-4B5C-AE70-BABB1E372F67}.Release|Any CPU.ActiveCfg = Release|Any CPU
		{7F225EE9-2406-4B5C-AE70-BABB1E372F67}.Release|Any CPU.Build.0 = Release|Any CPU
		{7F225EE9-2406-4B5C-AE70-BABB1E372F67}.Release|x64.ActiveCfg = Release|Any CPU
		{7F225EE9-2406-4B5C-AE70-BABB1E372F67}.Release|x64.Build.0 = Release|Any CPU
		{7F225EE9-2406-4B5C-AE70-BABB1E372F67}.Release|x86.ActiveCfg = Release|Any CPU
		{7F225EE9-2406-4B5C-AE70-BABB1E372F67}.Release|x86.Build.0 = Release|Any CPU
		{369E1101-1104-44ED-8771-795F10330BCF}.Debug|Any CPU.ActiveCfg = Debug|Any CPU
		{369E1101-1104-44ED-8771-795F10330BCF}.Debug|Any CPU.Build.0 = Debug|Any CPU
		{369E1101-1104-44ED-8771-795F10330BCF}.Debug|x64.ActiveCfg = Debug|Any CPU
		{369E1101-1104-44ED-8771-795F10330BCF}.Debug|x64.Build.0 = Debug|Any CPU
		{369E1101-1104-44ED-8771-795F10330BCF}.Debug|x86.ActiveCfg = Debug|Any CPU
		{369E1101-1104-44ED-8771-795F10330BCF}.Debug|x86.Build.0 = Debug|Any CPU
		{369E1101-1104-44ED-8771-795F10330BCF}.Release|Any CPU.ActiveCfg = Release|Any CPU
		{369E1101-1104-44ED-8771-795F10330BCF}.Release|Any CPU.Build.0 = Release|Any CPU
		{369E1101-1104-44ED-8771-795F10330BCF}.Release|x64.ActiveCfg = Release|Any CPU
		{369E1101-1104-44ED-8771-795F10330BCF}.Release|x64.Build.0 = Release|Any CPU
		{369E1101-1104-44ED-8771-795F10330BCF}.Release|x86.ActiveCfg = Release|Any CPU
		{369E1101-1104-44ED-8771-795F10330BCF}.Release|x86.Build.0 = Release|Any CPU
	EndGlobalSection
	GlobalSection(SolutionProperties) = preSolution
		HideSolutionNode = FALSE
	EndGlobalSection
EndGlobal
